# THIS IS AN AUTOGENERATED FILE. DO NOT EDIT THIS FILE DIRECTLY.
# yarn lockfile v1


"@types/moment-duration-format@^2.2.2":
  version "2.2.2"
  resolved "https://registry.npm.taobao.org/@types/moment-duration-format/download/@types/moment-duration-format-2.2.2.tgz#da0c9501861661d19fdb62415907a93c44709a81"
  integrity sha1-2gyVAYYWYdGf22JBWQepPERwmoE=
  dependencies:
    moment ">=2.14.0"

"@types/moment@^2.13.0":
  version "2.13.0"
  resolved "https://registry.npm.taobao.org/@types/moment/download/@types/moment-2.13.0.tgz#604ebd189bc3bc34a1548689404e61a2a4aac896"
  integrity sha1-YE69GJvDvDShVIaJQE5hoqSqyJY=
  dependencies:
    moment "*"

lodash.clonedeep@^4.5.0:
  version "4.5.0"
  resolved "https://registry.yarnpkg.com/lodash.clonedeep/-/lodash.clonedeep-4.5.0.tgz#e23f3f9c4f8fbdde872529c1071857a086e5ccef"
  integrity sha1-4j8/nE+Pvd6HJSnBBxhXoIblzO8=

lodash@^4.17.15:
  version "4.17.15"
  resolved "https://registry.npm.taobao.org/lodash/download/lodash-4.17.15.tgz?cache=0&other_urls=https%3A%2F%2Fregistry.npm.taobao.org%2Flodash%2Fdownload%2Flodash-4.17.15.tgz#b447f6670a0455bbfeedd11392eff330ea097548"
  integrity sha1-tEf2ZwoEVbv+7dETku/zMOoJdUg=

moment-duration-format@^2.3.2:
  version "2.3.2"
  resolved "https://registry.npm.taobao.org/moment-duration-format/download/moment-duration-format-2.3.2.tgz#5fa2b19b941b8d277122ff3f87a12895ec0d6212"
  integrity sha1-X6Kxm5QbjSdxIv8/h6EolewNYhI=

moment@*, moment@>=2.14.0, moment@^2.29.4:
  version "2.29.4"
  resolved "https://registry.yarnpkg.com/moment/-/moment-2.29.4.tgz#3dbe052889fe7c1b2ed966fcb3a77328964ef108"
  integrity sha512-5LC9SOxjSc2HF6vO2CyuTDNivEdoz2IvyJJGj6X8DJ0eFyfszE0QiEd+iXmBvUP3WHxSjFH/vIsA0EN00cgr8w==

nzh@^1.0.4:
  version "1.0.4"
  resolved "https://registry.npm.taobao.org/nzh/download/nzh-1.0.4.tgz#bded5492cd7148fa5fe1c809fa61932a899769c5"
  integrity sha1-ve1Uks1xSPpf4cgJ+mGTKomXacU=

vue-class-component@^7.0.2:
  version "7.1.0"
  resolved "https://registry.yarnpkg.com/vue-class-component/-/vue-class-component-7.1.0.tgz#b33efcb10e17236d684f70b1e96f1946ec793e87"
  integrity sha512-G9152NzUkz0i0xTfhk0Afc8vzdXxDR1pfN4dTwE72cskkgJtdXfrKBkMfGvDuxUh35U500g5Ve4xL8PEGdWeHg==

vuex-pathify@^1.2.2:
  version "1.2.2"
  resolved "https://registry.yarnpkg.com/vuex-pathify/-/vuex-pathify-1.2.2.tgz#98903abeccd971be5a0719218ead44af17a0a86d"
  integrity sha512-JaVidHP1TuGeIlKCTNw97j7DJpFnpIuQSgzlBKi7vi4OAmHKnPB0e1hfaQZVdZrROASZOCYFjVq54QJjCUREtg==
  dependencies:
    lodash.clonedeep "^4.5.0"
    vue-class-component "^7.0.2"
